{
  "name": "user-management-system",
  "version": "1.0.0",
  "lockfileVersion": 3,
  "requires": true,
  "main": "index.js",
  "private": true,
  "packages": {
    "": {
      "name": "user-management-system",
      "version": "1.0.0",
      "license": "ISC",
      "dependencies": {
        "@angular/core": "^19.2.5",
        "@angular/forms": "^19.2.5",
        "@angular/platform-browser-dynamic": "^19.2.5",
        "@angular/router": "^19.2.5",
        "rxjs": "^7.8.2"
      }
    },
    "node_modules/@angular/animations": {
      "version": "19.2.5",
      "integrity": "sha512-m4RtY3z1JuHFCh6OrOHxo25oKEigBDdR/XmdCfXIwfTiObZzNA7VQhysgdrb9IISO99kXbjZUYKDtLzgWT8Klg==",
      "optional": true,
      "peer": true,
      "dependencies": {
        "tslib": "^2.3.0"
      },
      "engines": {
        "node": "^18.19.1 || ^20.11.1 || >=22.0.0"
      },
      "peerDependencies": {
        "@angular/common": "19.2.5",
        "@angular/core": "19.2.5"
      }
    },
    "node_modules/@angular/common": {
      "version": "19.2.5",
      "integrity": "sha512-vFCBdas4C5PxP6ts/4TlRddWD3DUmI3aaO0QZdZvqyLHy428t84ruYdsJXKaeD8ie2U4/9F3a1tsklclRG/BBA==",
      "peer": true,
      "dependencies": {
        "tslib": "^2.3.0"
      },
      "engines": {
        "node": "^18.19.1 || ^20.11.1 || >=22.0.0"
      },
      "peerDependencies": {
        "@angular/core": "19.2.5",
        "rxjs": "^6.5.3 || ^7.4.0"
      }
    },
    "node_modules/@angular/compiler": {
      "version": "19.2.5",
      "integrity": "sha512-34J+HubQjwkbZ0AUtU5sa4Zouws9XtP/fKaysMQecoYJTZ3jewzLSRu3aAEZX1Y4gIrcVVKKIxM6oWoXKwYMOA==",
      "peer": true,
      "dependencies": {
        "tslib": "^2.3.0"
      },
      "engines": {
        "node": "^18.19.1 || ^20.11.1 || >=22.0.0"
      }
    },
    "node_modules/@angular/core": {
      "version": "19.2.5",
      "integrity": "sha512-NNEz1sEZz1mBpgf6Tz3aJ9b8KjqpTiMYhHfCYA9h9Ipe4D8gUmOsvPHPK2M755OX7p7PmUmzp1XCUHYrZMVHRw==",
      "dependencies": {
        "tslib": "^2.3.0"
      },
      "engines": {
        "node": "^18.19.1 || ^20.11.1 || >=22.0.0"
      },
      "peerDependencies": {
        "rxjs": "^6.5.3 || ^7.4.0",
        "zone.js": "~0.15.0"
      }
    },
    "node_modules/@angular/forms": {
      "version": "19.2.5",
      "integrity": "sha512-2Zvy3qK1kOxiAX9fdSaeG48q7oyO/4RlMYlg1w+ra9qX1SrgwF3OQ2P2Vs+ojg1AxN3z9xFp4aYaaID/G2LZAw==",
      "dependencies": {
        "tslib": "^2.3.0"
      },
      "engines": {
        "node": "^18.19.1 || ^20.11.1 || >=22.0.0"
      },
      "peerDependencies": {
        "@angular/common": "19.2.5",
        "@angular/core": "19.2.5",
        "@angular/platform-browser": "19.2.5",
        "rxjs": "^6.5.3 || ^7.4.0"
      }
    },
    "node_modules/@angular/platform-browser": {
      "version": "19.2.5",
      "integrity": "sha512-Lshy++X16cvl6OPvfzMySpsqEaCPKEJmDjz7q7oSt96oxlh6LvOeOUVLjsNyrNaIt9NadpWoqjlu/I9RTPJkpw==",
      "peer": true,
      "dependencies": {
        "tslib": "^2.3.0"
      },
      "engines": {
        "node": "^18.19.1 || ^20.11.1 || >=22.0.0"
      },
      "peerDependencies": {
        "@angular/animations": "19.2.5",
        "@angular/common": "19.2.5",
        "@angular/core": "19.2.5"
      },
      "peerDependenciesMeta": {
        "@angular/animations": {
          "optional": true
        }
      }
    },
    "node_modules/@angular/platform-browser-dynamic": {
      "version": "19.2.5",
      "integrity": "sha512-15in8u4552EcdWNTXY2h0MKuJbk3AuXwWr0zVTum4CfB/Ss2tNTrDEdWhgAbhnUI0e9jZQee/fhBbA1rleMYrA==",
      "dependencies": {
        "tslib": "^2.3.0"
      },
      "engines": {
        "node": "^18.19.1 || ^20.11.1 || >=22.0.0"
      },
      "peerDependencies": {
        "@angular/common": "19.2.5",
        "@angular/compiler": "19.2.5",
        "@angular/core": "19.2.5",
        "@angular/platform-browser": "19.2.5"
      }
    },
    "node_modules/@angular/router": {
      "version": "19.2.5",
      "integrity": "sha512-9pSfmdNXLjaOKj0kd4UxBC7sFdCFOnRGbftp397G3KWqsLsGSKmNFzqhXNeA5QHkaVxnpmpm8HzXU+zYV5JwSg==",
      "dependencies": {
        "tslib": "^2.3.0"
      },
      "engines": {
        "node": "^18.19.1 || ^20.11.1 || >=22.0.0"
      },
      "peerDependencies": {
        "@angular/common": "19.2.5",
        "@angular/core": "19.2.5",
        "@angular/platform-browser": "19.2.5",
        "rxjs": "^6.5.3 || ^7.4.0"
      }
    },
    "node_modules/rxjs": {
      "version": "7.8.2",
      "integrity": "sha512-dhKf903U/PQZY6boNNtAGdWbG85WAbjT/1xYoZIC7FAY0yWapOBQVsVrDl58W86//e1VpMNBtRV4MaXfdMySFA==",
      "dependencies": {
        "tslib": "^2.1.0"
      }
    },
    "node_modules/tslib": {
      "version": "2.8.1",
      "integrity": "sha512-oJFu94HQb+KVduSUQL7wnpmqnfmLsOA/nAh6b6EH0wCEoK0/mPeXU6c3wKDV83MkOuHPRHtSXKKU99IBazS/2w=="
    },
    "node_modules/zone.js": {
      "version": "0.15.0",
      "integrity": "sha512-9oxn0IIjbCZkJ67L+LkhYWRyAy7axphb3VgE2MBDlOqnmHMPWGYMxJxBYFueFq/JGY2GMwS0rU+UCLunEmy5UA==",
      "peer": true
    }
  },
  "devDependencies": {
    "@angular-devkit/build-angular": "^16.2.16",
    "@angular/cli": "^16.2.16",
    "@angular/compiler-cli": "~16.0.0",
    "@types/jasmine": "~4.3.1",
    "@types/node": "^20.4.9",
    "jasmine-core": "~4.5.0",
    "karma": "~6.4.1",
    "karma-chrome-launcher": "~3.1.1",
    "karma-coverage": "~2.2.0",
    "karma-jasmine": "~2.0.1",
    "karma-jasmine-html-reporter": "^1.5.0",
    "typescript": "^5.0.4"
  },
  "scripts": {
    "build": "ng build",
    "e2e": "ng e2e",
    "lint": "ng lint",
    "ng": "ng",
    "start": "ng serve --open",
    "test": "ng test"
  }
}
